[[package]]
name = "markovify"
version = "0.9.4"
description = "A simple, extensible Markov chain generator. Uses include generating random semi-plausible sentences based on an existing text."
category = "main"
optional = false
python-versions = ">=3.6"

[package.dependencies]
unidecode = "*"

[[package]]
name = "unidecode"
version = "1.3.4"
description = "ASCII transliterations of Unicode text"
category = "main"
optional = false
python-versions = ">=3.5"

[metadata]
lock-version = "1.1"
python-versions = "^3.10"
content-hash = "60114b616baeaf3faf9f2d7003394ea6982013b74015646d32e86526f173a44b"

[metadata.files]
markovify = []
unidecode = [
    {file = "Unidecode-1.3.4-py3-none-any.whl", hash = "sha256:afa04efcdd818a93237574791be9b2817d7077c25a068b00f8cff7baa4e59257"},
    {file = "Unidecode-1.3.4.tar.gz", hash = "sha256:8e4352fb93d5a735c788110d2e7ac8e8031eb06ccbfe8d324ab71735015f9342"},
]
